
Microsoft Visual Studio Solution File, Format Version 12.00
# Visual Studio Version 17
VisualStudioVersion = 17.12.35424.110
MinimumVisualStudioVersion = 10.0.40219.1
Project("{FAE04EC0-301F-11D3-BF4B-00C04F79EFBC}") = "BlazorStartupDemo", "BlazorStartupDemo\BlazorStartupDemo\BlazorStartupDemo.csproj", "{728FDD0C-8D8C-4E76-8A77-8FAD676621B8}"
EndProject
Project("{FAE04EC0-301F-11D3-BF4B-00C04F79EFBC}") = "BlazorStartupDemo.Client", "BlazorStartupDemo\BlazorStartupDemo.Client\BlazorStartupDemo.Client.csproj", "{64A99EF6-FD44-4C01-B89E-4CA305051E92}"
EndProject
Project("{2150E333-8FDC-42A3-9474-1A3956D46DE8}") = "1 Blazor Startup", "1 Blazor Startup", "{A50008BE-8BAD-4F12-BD1D-92F0D99C8FD6}"
EndProject
Project("{2150E333-8FDC-42A3-9474-1A3956D46DE8}") = "2 JavaScriptInitializers", "2 JavaScriptInitializers", "{C763E193-4318-4D62-8305-908AA27A8632}"
EndProject
Project("{2150E333-8FDC-42A3-9474-1A3956D46DE8}") = "WebApp", "WebApp", "{20754052-52AA-474F-9D2D-5EA7B7A0A499}"
EndProject
Project("{2150E333-8FDC-42A3-9474-1A3956D46DE8}") = "WebAssembly", "WebAssembly", "{A3384987-9677-4DF4-AECE-73A350C9F037}"
EndProject
Project("{FAE04EC0-301F-11D3-BF4B-00C04F79EFBC}") = "RazorClassLibrary", "RazorClassLibrary\RazorClassLibrary.csproj", "{87605223-438A-40BD-B533-D6DE253E88B2}"
EndProject
Project("{FAE04EC0-301F-11D3-BF4B-00C04F79EFBC}") = "JavaScriptInitializersWebAppDemo", "JSWebAppDemo\JSInitializersWebAppDemo\JavaScriptInitializersWebAppDemo.csproj", "{9F1DF89A-6E6A-4E9A-9945-B8D28A605228}"
EndProject
Project("{FAE04EC0-301F-11D3-BF4B-00C04F79EFBC}") = "JavaScriptInitializersWebAppDemo.Client", "JSWebAppDemo\JSInitializersWebAppDemo.Client\JavaScriptInitializersWebAppDemo.Client.csproj", "{8FE8AFE8-1865-4E90-B738-6941F7AEF989}"
EndProject
Project("{FAE04EC0-301F-11D3-BF4B-00C04F79EFBC}") = "JavaScriptInitializersWasmDemo", "JStInitializersWasmDemo\JavaScriptInitializersWasmDemo.csproj", "{E8CABF57-8C2A-4CB2-9C6C-A68374488183}"
EndProject
Project("{2150E333-8FDC-42A3-9474-1A3956D46DE8}") = "3 Brotli", "3 Brotli", "{C90FEAFE-AC4B-4D63-9882-7E5DFAC96BCD}"
EndProject
Project("{2150E333-8FDC-42A3-9474-1A3956D46DE8}") = ".NET8", ".NET8", "{31746C45-09C9-4F0F-9C97-052CFC6DB4CF}"
EndProject
Project("{2150E333-8FDC-42A3-9474-1A3956D46DE8}") = ".NET9", ".NET9", "{54F482EB-E4D7-491B-8388-14B396CD9688}"
EndProject
Project("{FAE04EC0-301F-11D3-BF4B-00C04F79EFBC}") = "Brotli8Demo", "Brotli8Demo\Brotli8Demo.csproj", "{ACB782EE-4BFA-4E97-82B6-C5D9F41AA5DB}"
EndProject
Project("{FAE04EC0-301F-11D3-BF4B-00C04F79EFBC}") = "Brotli9Demo", "Brotli9Demo\Brotli9Demo\Brotli9Demo.csproj", "{C98136F7-0AEA-473E-9DAC-D91D49D56798}"
EndProject
Project("{FAE04EC0-301F-11D3-BF4B-00C04F79EFBC}") = "Brotli9Demo.Client", "Brotli9Demo\Brotli9Demo.Client\Brotli9Demo.Client.csproj", "{C52FE2EE-82D0-4C57-BA33-806D0CB02D59}"
EndProject
Global
	GlobalSection(SolutionConfigurationPlatforms) = preSolution
		Debug|Any CPU = Debug|Any CPU
		Release|Any CPU = Release|Any CPU
	EndGlobalSection
	GlobalSection(ProjectConfigurationPlatforms) = postSolution
		{728FDD0C-8D8C-4E76-8A77-8FAD676621B8}.Debug|Any CPU.ActiveCfg = Debug|Any CPU
		{728FDD0C-8D8C-4E76-8A77-8FAD676621B8}.Debug|Any CPU.Build.0 = Debug|Any CPU
		{728FDD0C-8D8C-4E76-8A77-8FAD676621B8}.Release|Any CPU.ActiveCfg = Release|Any CPU
		{728FDD0C-8D8C-4E76-8A77-8FAD676621B8}.Release|Any CPU.Build.0 = Release|Any CPU
		{64A99EF6-FD44-4C01-B89E-4CA305051E92}.Debug|Any CPU.ActiveCfg = Debug|Any CPU
		{64A99EF6-FD44-4C01-B89E-4CA305051E92}.Debug|Any CPU.Build.0 = Debug|Any CPU
		{64A99EF6-FD44-4C01-B89E-4CA305051E92}.Release|Any CPU.ActiveCfg = Release|Any CPU
		{64A99EF6-FD44-4C01-B89E-4CA305051E92}.Release|Any CPU.Build.0 = Release|Any CPU
		{87605223-438A-40BD-B533-D6DE253E88B2}.Debug|Any CPU.ActiveCfg = Debug|Any CPU
		{87605223-438A-40BD-B533-D6DE253E88B2}.Debug|Any CPU.Build.0 = Debug|Any CPU
		{87605223-438A-40BD-B533-D6DE253E88B2}.Release|Any CPU.ActiveCfg = Release|Any CPU
		{87605223-438A-40BD-B533-D6DE253E88B2}.Release|Any CPU.Build.0 = Release|Any CPU
		{9F1DF89A-6E6A-4E9A-9945-B8D28A605228}.Debug|Any CPU.ActiveCfg = Debug|Any CPU
		{9F1DF89A-6E6A-4E9A-9945-B8D28A605228}.Debug|Any CPU.Build.0 = Debug|Any CPU
		{9F1DF89A-6E6A-4E9A-9945-B8D28A605228}.Release|Any CPU.ActiveCfg = Release|Any CPU
		{9F1DF89A-6E6A-4E9A-9945-B8D28A605228}.Release|Any CPU.Build.0 = Release|Any CPU
		{8FE8AFE8-1865-4E90-B738-6941F7AEF989}.Debug|Any CPU.ActiveCfg = Debug|Any CPU
		{8FE8AFE8-1865-4E90-B738-6941F7AEF989}.Debug|Any CPU.Build.0 = Debug|Any CPU
		{8FE8AFE8-1865-4E90-B738-6941F7AEF989}.Release|Any CPU.ActiveCfg = Release|Any CPU
		{8FE8AFE8-1865-4E90-B738-6941F7AEF989}.Release|Any CPU.Build.0 = Release|Any CPU
		{E8CABF57-8C2A-4CB2-9C6C-A68374488183}.Debug|Any CPU.ActiveCfg = Debug|Any CPU
		{E8CABF57-8C2A-4CB2-9C6C-A68374488183}.Debug|Any CPU.Build.0 = Debug|Any CPU
		{E8CABF57-8C2A-4CB2-9C6C-A68374488183}.Release|Any CPU.ActiveCfg = Release|Any CPU
		{E8CABF57-8C2A-4CB2-9C6C-A68374488183}.Release|Any CPU.Build.0 = Release|Any CPU
		{ACB782EE-4BFA-4E97-82B6-C5D9F41AA5DB}.Debug|Any CPU.ActiveCfg = Debug|Any CPU
		{ACB782EE-4BFA-4E97-82B6-C5D9F41AA5DB}.Debug|Any CPU.Build.0 = Debug|Any CPU
		{ACB782EE-4BFA-4E97-82B6-C5D9F41AA5DB}.Release|Any CPU.ActiveCfg = Release|Any CPU
		{ACB782EE-4BFA-4E97-82B6-C5D9F41AA5DB}.Release|Any CPU.Build.0 = Release|Any CPU
		{C98136F7-0AEA-473E-9DAC-D91D49D56798}.Debug|Any CPU.ActiveCfg = Debug|Any CPU
		{C98136F7-0AEA-473E-9DAC-D91D49D56798}.Debug|Any CPU.Build.0 = Debug|Any CPU
		{C98136F7-0AEA-473E-9DAC-D91D49D56798}.Release|Any CPU.ActiveCfg = Release|Any CPU
		{C98136F7-0AEA-473E-9DAC-D91D49D56798}.Release|Any CPU.Build.0 = Release|Any CPU
		{C52FE2EE-82D0-4C57-BA33-806D0CB02D59}.Debug|Any CPU.ActiveCfg = Debug|Any CPU
		{C52FE2EE-82D0-4C57-BA33-806D0CB02D59}.Debug|Any CPU.Build.0 = Debug|Any CPU
		{C52FE2EE-82D0-4C57-BA33-806D0CB02D59}.Release|Any CPU.ActiveCfg = Release|Any CPU
		{C52FE2EE-82D0-4C57-BA33-806D0CB02D59}.Release|Any CPU.Build.0 = Release|Any CPU
	EndGlobalSection
	GlobalSection(SolutionProperties) = preSolution
		HideSolutionNode = FALSE
	EndGlobalSection
	GlobalSection(NestedProjects) = preSolution
		{728FDD0C-8D8C-4E76-8A77-8FAD676621B8} = {A50008BE-8BAD-4F12-BD1D-92F0D99C8FD6}
		{64A99EF6-FD44-4C01-B89E-4CA305051E92} = {A50008BE-8BAD-4F12-BD1D-92F0D99C8FD6}
		{20754052-52AA-474F-9D2D-5EA7B7A0A499} = {C763E193-4318-4D62-8305-908AA27A8632}
		{A3384987-9677-4DF4-AECE-73A350C9F037} = {C763E193-4318-4D62-8305-908AA27A8632}
		{87605223-438A-40BD-B533-D6DE253E88B2} = {C763E193-4318-4D62-8305-908AA27A8632}
		{9F1DF89A-6E6A-4E9A-9945-B8D28A605228} = {20754052-52AA-474F-9D2D-5EA7B7A0A499}
		{8FE8AFE8-1865-4E90-B738-6941F7AEF989} = {20754052-52AA-474F-9D2D-5EA7B7A0A499}
		{E8CABF57-8C2A-4CB2-9C6C-A68374488183} = {A3384987-9677-4DF4-AECE-73A350C9F037}
		{31746C45-09C9-4F0F-9C97-052CFC6DB4CF} = {C90FEAFE-AC4B-4D63-9882-7E5DFAC96BCD}
		{54F482EB-E4D7-491B-8388-14B396CD9688} = {C90FEAFE-AC4B-4D63-9882-7E5DFAC96BCD}
		{ACB782EE-4BFA-4E97-82B6-C5D9F41AA5DB} = {31746C45-09C9-4F0F-9C97-052CFC6DB4CF}
		{C98136F7-0AEA-473E-9DAC-D91D49D56798} = {54F482EB-E4D7-491B-8388-14B396CD9688}
		{C52FE2EE-82D0-4C57-BA33-806D0CB02D59} = {54F482EB-E4D7-491B-8388-14B396CD9688}
	EndGlobalSection
EndGlobal
